
Microsoft Visual Studio Solution File, Format Version 12.00
# Visual Studio Version 16
VisualStudioVersion = 25.0.1703.5
MinimumVisualStudioVersion = 10.0.40219.1
Project("{FAE04EC0-301F-11D3-BF4B-00C04F79EFBC}") = "numberGuesser", "numberGuesser\numberGuesser.csproj", "{249219D2-EEE9-4972-8204-54EE028D0A49}"
EndProject
Global
	GlobalSection(SolutionConfigurationPlatforms) = preSolution
		Debug|Any CPU = Debug|Any CPU
		Release|Any CPU = Release|Any CPU
	EndGlobalSection
	GlobalSection(ProjectConfigurationPlatforms) = postSolution
		{249219D2-EEE9-4972-8204-54EE028D0A49}.Debug|Any CPU.ActiveCfg = Debug|Any CPU
		{249219D2-EEE9-4972-8204-54EE028D0A49}.Debug|Any CPU.Build.0 = Debug|Any CPU
		{249219D2-EEE9-4972-8204-54EE028D0A49}.Release|Any CPU.ActiveCfg = Release|Any CPU
		{249219D2-EEE9-4972-8204-54EE028D0A49}.Release|Any CPU.Build.0 = Release|Any CPU
	EndGlobalSection
	GlobalSection(SolutionProperties) = preSolution
		HideSolutionNode = FALSE
	EndGlobalSection
	GlobalSection(ExtensibilityGlobals) = postSolution
		SolutionGuid = {D3789BE7-8603-4D91-83F5-13B7D65D42EF}
	EndGlobalSection
EndGlobal
